
Microsoft Visual Studio Solution File, Format Version 12.00
# Visual Studio Version 17
VisualStudioVersion = 17.4.33205.214
MinimumVisualStudioVersion = 10.0.40219.1
Project("{9A19103F-16F7-4668-BE54-9A1E7A4F7556}") = "EasyGabinete_v10", "EasyGabinete_v10\EasyGabinete_v10.csproj", "{248FC1B9-B189-46A2-A1D9-70B25802AC34}"
EndProject
Project("{FAE04EC0-301F-11D3-BF4B-00C04F79EFBC}") = "LibFunctions", "LibFunctions\LibFunctions.csproj", "{457181EA-21A2-4A23-A63F-63790E0DFBAC}"
EndProject
Global
	GlobalSection(SolutionConfigurationPlatforms) = preSolution
		Debug|Any CPU = Debug|Any CPU
		Release|Any CPU = Release|Any CPU
	EndGlobalSection
	GlobalSection(ProjectConfigurationPlatforms) = postSolution
		{248FC1B9-B189-46A2-A1D9-70B25802AC34}.Debug|Any CPU.ActiveCfg = Debug|Any CPU
		{248FC1B9-B189-46A2-A1D9-70B25802AC34}.Debug|Any CPU.Build.0 = Debug|Any CPU
		{248FC1B9-B189-46A2-A1D9-70B25802AC34}.Release|Any CPU.ActiveCfg = Release|Any CPU
		{248FC1B9-B189-46A2-A1D9-70B25802AC34}.Release|Any CPU.Build.0 = Release|Any CPU
		{457181EA-21A2-4A23-A63F-63790E0DFBAC}.Debug|Any CPU.ActiveCfg = Debug|Any CPU
		{457181EA-21A2-4A23-A63F-63790E0DFBAC}.Debug|Any CPU.Build.0 = Debug|Any CPU
		{457181EA-21A2-4A23-A63F-63790E0DFBAC}.Release|Any CPU.ActiveCfg = Release|Any CPU
		{457181EA-21A2-4A23-A63F-63790E0DFBAC}.Release|Any CPU.Build.0 = Release|Any CPU
	EndGlobalSection
	GlobalSection(SolutionProperties) = preSolution
		HideSolutionNode = FALSE
	EndGlobalSection
	GlobalSection(ExtensibilityGlobals) = postSolution
		SolutionGuid = {B9BCF252-8466-4359-9A01-43B78F23276D}
	EndGlobalSection
EndGlobal
